
Microsoft Visual Studio Solution File, Format Version 12.00
# Visual Studio Version 17
VisualStudioVersion = 17.0.31903.59
MinimumVisualStudioVersion = 10.0.40219.1
Project("{FAE04EC0-301F-11D3-BF4B-00C04F79EFBC}") = "Akka.netActorBehavior", "Akka.netActorBehavior\Akka.netActorBehavior.csproj", "{DA2D3C5C-DFD3-4A99-90AA-176EF9ADE819}"
EndProject
Global
	GlobalSection(SolutionConfigurationPlatforms) = preSolution
		Debug|Any CPU = Debug|Any CPU
		Release|Any CPU = Release|Any CPU
	EndGlobalSection
	GlobalSection(ProjectConfigurationPlatforms) = postSolution
		{DA2D3C5C-DFD3-4A99-90AA-176EF9ADE819}.Debug|Any CPU.ActiveCfg = Debug|Any CPU
		{DA2D3C5C-DFD3-4A99-90AA-176EF9ADE819}.Debug|Any CPU.Build.0 = Debug|Any CPU
		{DA2D3C5C-DFD3-4A99-90AA-176EF9ADE819}.Release|Any CPU.ActiveCfg = Release|Any CPU
		{DA2D3C5C-DFD3-4A99-90AA-176EF9ADE819}.Release|Any CPU.Build.0 = Release|Any CPU
	EndGlobalSection
	GlobalSection(SolutionProperties) = preSolution
		HideSolutionNode = FALSE
	EndGlobalSection
	GlobalSection(ExtensibilityGlobals) = postSolution
		SolutionGuid = {2A347351-C9C7-4469-BE39-093E92CB9926}
	EndGlobalSection
EndGlobal
